
Microsoft Visual Studio Solution File, Format Version 12.00
# Visual Studio Version 17
VisualStudioVersion = 17.1.32414.318
MinimumVisualStudioVersion = 10.0.40219.1
Project("{9A19103F-16F7-4668-BE54-9A1E7A4F7556}") = "WishYourSong", "WishYourSong.csproj", "{0F146887-A2C0-4BE5-9DC7-C0B98D9D8538}"
EndProject
Global
	GlobalSection(SolutionConfigurationPlatforms) = preSolution
		Debug|Any CPU = Debug|Any CPU
		Release|Any CPU = Release|Any CPU
	EndGlobalSection
	GlobalSection(ProjectConfigurationPlatforms) = postSolution
		{0F146887-A2C0-4BE5-9DC7-C0B98D9D8538}.Debug|Any CPU.ActiveCfg = Debug|Any CPU
		{0F146887-A2C0-4BE5-9DC7-C0B98D9D8538}.Debug|Any CPU.Build.0 = Debug|Any CPU
		{0F146887-A2C0-4BE5-9DC7-C0B98D9D8538}.Release|Any CPU.ActiveCfg = Release|Any CPU
		{0F146887-A2C0-4BE5-9DC7-C0B98D9D8538}.Release|Any CPU.Build.0 = Release|Any CPU
	EndGlobalSection
	GlobalSection(SolutionProperties) = preSolution
		HideSolutionNode = FALSE
	EndGlobalSection
	GlobalSection(ExtensibilityGlobals) = postSolution
		SolutionGuid = {A070F8AE-8829-463F-9BA4-FACEA7413FA3}
	EndGlobalSection
EndGlobal
